Microsoft Visual Studio Solution File, Format Version 12.00
# Visual Studio Version 17
VisualStudioVersion = 17.5.2.0
MinimumVisualStudioVersion = 10.0.40219.1
Project("{2150E333-8FDC-42A3-9474-1A3956D46DE8}") = "lab4", "lab4", "{A27D918D-BA35-9B07-9085-4B619D49ED1B}"
EndProject
Project("{FAE04EC0-301F-11D3-BF4B-00C04F79EFBC}") = "ParkingApp", "lab4\ParkingApp\ParkingApp.csproj", "{D8EC0CDB-4DC9-94D5-9935-57EA70998F0A}"
EndProject
Global
	GlobalSection(SolutionConfigurationPlatforms) = preSolution
		Debug|Any CPU = Debug|Any CPU
		Release|Any CPU = Release|Any CPU
	EndGlobalSection
	GlobalSection(ProjectConfigurationPlatforms) = postSolution
		{D8EC0CDB-4DC9-94D5-9935-57EA70998F0A}.Debug|Any CPU.ActiveCfg = Debug|Any CPU
		{D8EC0CDB-4DC9-94D5-9935-57EA70998F0A}.Debug|Any CPU.Build.0 = Debug|Any CPU
		{D8EC0CDB-4DC9-94D5-9935-57EA70998F0A}.Release|Any CPU.ActiveCfg = Release|Any CPU
		{D8EC0CDB-4DC9-94D5-9935-57EA70998F0A}.Release|Any CPU.Build.0 = Release|Any CPU
	EndGlobalSection
	GlobalSection(SolutionProperties) = preSolution
		HideSolutionNode = FALSE
	EndGlobalSection
	GlobalSection(NestedProjects) = preSolution
		{D8EC0CDB-4DC9-94D5-9935-57EA70998F0A} = {A27D918D-BA35-9B07-9085-4B619D49ED1B}
	EndGlobalSection
	GlobalSection(ExtensibilityGlobals) = postSolution
		SolutionGuid = {2035F919-E898-46C3-B3AB-00357B60D0E4}
	EndGlobalSection
EndGlobal
